{'name': 'unveila-landing-page', 'version': '1.0.0', 'lockfileVersion': 2, 'requires': True, 'packages': {'': {'name': 'unveila-landing-page', 'version': '1.0.0', 'dependencies': {'react': '^18.2.0', 'react-dom': '^18.2.0'}, 'devDependencies': {'vite': '^4.0.0', '@vitejs/plugin-react': '^4.0.0'}}}, 'dependencies': {'react': {'version': '18.2.0', 'resolved': 'https://registry.npmjs.org/react/-/react-18.2.0.tgz', 'integrity': 'sha512-...'}, 'react-dom': {'version': '18.2.0', 'resolved': 'https://registry.npmjs.org/react-dom/-/react-dom-18.2.0.tgz', 'integrity': 'sha512-...'}}, 'devDependencies': {'vite': {'version': '4.0.0', 'resolved': 'https://registry.npmjs.org/vite/-/vite-4.0.0.tgz', 'integrity': 'sha512-...'}, '@vitejs/plugin-react': {'version': '4.0.0', 'resolved': 'https://registry.npmjs.org/@vitejs/plugin-react/-/plugin-react-4.0.0.tgz', 'integrity': 'sha512-...'}}}